
Microsoft Visual Studio Solution File, Format Version 12.00
# Visual Studio Version 17
VisualStudioVersion = 17.14.36327.8 d17.14
MinimumVisualStudioVersion = 10.0.40219.1
Project("{FAE04EC0-301F-11D3-BF4B-00C04F79EFBC}") = "P_OO-Parking", "P_OO-Parking\P_OO-Parking.csproj", "{C52EFF2B-D2EB-414D-A9CF-77565E2F155A}"
EndProject
Global
	GlobalSection(SolutionConfigurationPlatforms) = preSolution
		Debug|Any CPU = Debug|Any CPU
		Release|Any CPU = Release|Any CPU
	EndGlobalSection
	GlobalSection(ProjectConfigurationPlatforms) = postSolution
		{C52EFF2B-D2EB-414D-A9CF-77565E2F155A}.Debug|Any CPU.ActiveCfg = Debug|Any CPU
		{C52EFF2B-D2EB-414D-A9CF-77565E2F155A}.Debug|Any CPU.Build.0 = Debug|Any CPU
		{C52EFF2B-D2EB-414D-A9CF-77565E2F155A}.Release|Any CPU.ActiveCfg = Release|Any CPU
		{C52EFF2B-D2EB-414D-A9CF-77565E2F155A}.Release|Any CPU.Build.0 = Release|Any CPU
	EndGlobalSection
	GlobalSection(SolutionProperties) = preSolution
		HideSolutionNode = FALSE
	EndGlobalSection
	GlobalSection(ExtensibilityGlobals) = postSolution
		SolutionGuid = {CF36FF6E-9C8D-4443-A892-E0E9676A17D2}
	EndGlobalSection
EndGlobal
